
Microsoft Visual Studio Solution File, Format Version 12.00
# Visual Studio Version 17
VisualStudioVersion = 17.11.35222.181
MinimumVisualStudioVersion = 10.0.40219.1
Project("{FAE04EC0-301F-11D3-BF4B-00C04F79EFBC}") = "Back-End", "Back-End\Back-End.csproj", "{2D0150C1-CBC5-4807-B6F3-94720E5D9CFE}"
EndProject
Global
	GlobalSection(SolutionConfigurationPlatforms) = preSolution
		Debug|Any CPU = Debug|Any CPU
		Release|Any CPU = Release|Any CPU
	EndGlobalSection
	GlobalSection(ProjectConfigurationPlatforms) = postSolution
		{2D0150C1-CBC5-4807-B6F3-94720E5D9CFE}.Debug|Any CPU.ActiveCfg = Debug|Any CPU
		{2D0150C1-CBC5-4807-B6F3-94720E5D9CFE}.Debug|Any CPU.Build.0 = Debug|Any CPU
		{2D0150C1-CBC5-4807-B6F3-94720E5D9CFE}.Release|Any CPU.ActiveCfg = Release|Any CPU
		{2D0150C1-CBC5-4807-B6F3-94720E5D9CFE}.Release|Any CPU.Build.0 = Release|Any CPU
	EndGlobalSection
	GlobalSection(SolutionProperties) = preSolution
		HideSolutionNode = FALSE
	EndGlobalSection
	GlobalSection(ExtensibilityGlobals) = postSolution
		SolutionGuid = {04D363E9-5060-4881-8634-1BE26B69CBB3}
	EndGlobalSection
EndGlobal
